{
  "name": "EDA大赛",
  "lockfileVersion": 3,
  "requires": true,
  "packages": {
    "": {
      "devDependencies": {
        "@colbymchenry/codegraph-win32-x64": "^0.9.9"
      }
    },
    "node_modules/@colbymchenry/codegraph-win32-x64": {
      "version": "0.9.9",
      "resolved": "https://registry.npmjs.org/@colbymchenry/codegraph-win32-x64/-/codegraph-win32-x64-0.9.9.tgz",
      "integrity": "sha512-N7Xgt80BeEy78nNeqHaUgcsngxmy1Hty570QSa4hOh4zl6z6v6n7i9ZSUfraktESVUkfmMbUwoqfEzVwUbB0/g==",
      "cpu": [
        "x64"
      ],
      "dev": true,
      "license": "MIT",
      "os": [
        "win32"
      ]
    }
  }
}
